
Microsoft Visual Studio Solution File, Format Version 12.00
# Visual Studio Version 18
VisualStudioVersion = 18.0.11205.157 d18.0
MinimumVisualStudioVersion = 10.0.40219.1
Project("{FAE04EC0-301F-11D3-BF4B-00C04F79EFBC}") = "MainApp", "MainApp\MainApp.csproj", "{5963C9B5-37E4-4C00-964D-0BCBFD4FE2F5}"
EndProject
Project("{FAE04EC0-301F-11D3-BF4B-00C04F79EFBC}") = "Service", "Service\Service.csproj", "{8238AB40-342B-4B66-BB3B-09EB09F3027F}"
EndProject
Project("{FAE04EC0-301F-11D3-BF4B-00C04F79EFBC}") = "DAL", "DAL\DAL.csproj", "{AACF9371-0881-411D-8EF0-C71B0A7E2200}"
EndProject
Project("{FAE04EC0-301F-11D3-BF4B-00C04F79EFBC}") = "DAL.Tests", "DAL.Tests\DAL.Tests.csproj", "{7B5BAB53-1DAB-4261-A3B0-84EFAD5C37B8}"
EndProject
Project("{FAE04EC0-301F-11D3-BF4B-00C04F79EFBC}") = "Service.Tests", "Service.Tests\Service.Tests.csproj", "{606AD3F5-FCCF-4EB7-AF5D-A46CA97D92B3}"
EndProject
Global
	GlobalSection(SolutionConfigurationPlatforms) = preSolution
		Debug|Any CPU = Debug|Any CPU
		Release|Any CPU = Release|Any CPU
	EndGlobalSection
	GlobalSection(ProjectConfigurationPlatforms) = postSolution
		{5963C9B5-37E4-4C00-964D-0BCBFD4FE2F5}.Debug|Any CPU.ActiveCfg = Debug|Any CPU
		{5963C9B5-37E4-4C00-964D-0BCBFD4FE2F5}.Debug|Any CPU.Build.0 = Debug|Any CPU
		{5963C9B5-37E4-4C00-964D-0BCBFD4FE2F5}.Release|Any CPU.ActiveCfg = Release|Any CPU
		{5963C9B5-37E4-4C00-964D-0BCBFD4FE2F5}.Release|Any CPU.Build.0 = Release|Any CPU
		{8238AB40-342B-4B66-BB3B-09EB09F3027F}.Debug|Any CPU.ActiveCfg = Debug|Any CPU
		{8238AB40-342B-4B66-BB3B-09EB09F3027F}.Debug|Any CPU.Build.0 = Debug|Any CPU
		{8238AB40-342B-4B66-BB3B-09EB09F3027F}.Release|Any CPU.ActiveCfg = Release|Any CPU
		{8238AB40-342B-4B66-BB3B-09EB09F3027F}.Release|Any CPU.Build.0 = Release|Any CPU
		{AACF9371-0881-411D-8EF0-C71B0A7E2200}.Debug|Any CPU.ActiveCfg = Debug|Any CPU
		{AACF9371-0881-411D-8EF0-C71B0A7E2200}.Debug|Any CPU.Build.0 = Debug|Any CPU
		{AACF9371-0881-411D-8EF0-C71B0A7E2200}.Release|Any CPU.ActiveCfg = Release|Any CPU
		{AACF9371-0881-411D-8EF0-C71B0A7E2200}.Release|Any CPU.Build.0 = Release|Any CPU
		{7B5BAB53-1DAB-4261-A3B0-84EFAD5C37B8}.Debug|Any CPU.ActiveCfg = Debug|Any CPU
		{7B5BAB53-1DAB-4261-A3B0-84EFAD5C37B8}.Debug|Any CPU.Build.0 = Debug|Any CPU
		{7B5BAB53-1DAB-4261-A3B0-84EFAD5C37B8}.Release|Any CPU.ActiveCfg = Release|Any CPU
		{7B5BAB53-1DAB-4261-A3B0-84EFAD5C37B8}.Release|Any CPU.Build.0 = Release|Any CPU
		{606AD3F5-FCCF-4EB7-AF5D-A46CA97D92B3}.Debug|Any CPU.ActiveCfg = Debug|Any CPU
		{606AD3F5-FCCF-4EB7-AF5D-A46CA97D92B3}.Debug|Any CPU.Build.0 = Debug|Any CPU
		{606AD3F5-FCCF-4EB7-AF5D-A46CA97D92B3}.Release|Any CPU.ActiveCfg = Release|Any CPU
		{606AD3F5-FCCF-4EB7-AF5D-A46CA97D92B3}.Release|Any CPU.Build.0 = Release|Any CPU
	EndGlobalSection
	GlobalSection(SolutionProperties) = preSolution
		HideSolutionNode = FALSE
	EndGlobalSection
	GlobalSection(ExtensibilityGlobals) = postSolution
		SolutionGuid = {3CF560C0-1326-4BCA-A42E-6C5BF279B922}
	EndGlobalSection
EndGlobal
